
Microsoft Visual Studio Solution File, Format Version 12.00
# Visual Studio Version 17
VisualStudioVersion = 17.0.31903.59
MinimumVisualStudioVersion = 10.0.40219.1
Project("{FAE04EC0-301F-11D3-BF4B-00C04F79EFBC}") = "minimal-api", "Api\minimal-api.csproj", "{E444169A-12B4-4D94-88CD-5BF7DE811790}"
EndProject
Project("{FAE04EC0-301F-11D3-BF4B-00C04F79EFBC}") = "Test", "Test\Test.csproj", "{64891EDA-DEDC-4E31-8AA2-A4327145BCB6}"
EndProject
Global
	GlobalSection(SolutionConfigurationPlatforms) = preSolution
		Debug|Any CPU = Debug|Any CPU
		Release|Any CPU = Release|Any CPU
	EndGlobalSection
	GlobalSection(SolutionProperties) = preSolution
		HideSolutionNode = FALSE
	EndGlobalSection
	GlobalSection(ProjectConfigurationPlatforms) = postSolution
		{E444169A-12B4-4D94-88CD-5BF7DE811790}.Debug|Any CPU.ActiveCfg = Debug|Any CPU
		{E444169A-12B4-4D94-88CD-5BF7DE811790}.Debug|Any CPU.Build.0 = Debug|Any CPU
		{E444169A-12B4-4D94-88CD-5BF7DE811790}.Release|Any CPU.ActiveCfg = Release|Any CPU
		{E444169A-12B4-4D94-88CD-5BF7DE811790}.Release|Any CPU.Build.0 = Release|Any CPU
		{64891EDA-DEDC-4E31-8AA2-A4327145BCB6}.Debug|Any CPU.ActiveCfg = Debug|Any CPU
		{64891EDA-DEDC-4E31-8AA2-A4327145BCB6}.Debug|Any CPU.Build.0 = Debug|Any CPU
		{64891EDA-DEDC-4E31-8AA2-A4327145BCB6}.Release|Any CPU.ActiveCfg = Release|Any CPU
		{64891EDA-DEDC-4E31-8AA2-A4327145BCB6}.Release|Any CPU.Build.0 = Release|Any CPU
	EndGlobalSection
EndGlobal
